// !$*UTF8*$!
{
	archiveVersion = 1;
	classes = {
	};
	objectVersion = 48;
	objects = {

/* Begin PBXBuildFile section */
		AF5C87B81F478E1300913DD8 /* Tagger.swift in Sources */ = {isa = PBXBuildFile; fileRef = AF5C87B71F478E1300913DD8 /* Tagger.swift */; };
		AF5C87BA1F47901E00913DD8 /* Remover.swift in Sources */ = {isa = PBXBuildFile; fileRef = AF5C87B91F47901E00913DD8 /* Remover.swift */; };
		AF5C87BC1F4797DB00913DD8 /* Extractor.swift in Sources */ = {isa = PBXBuildFile; fileRef = AF5C87BB1F4797DB00913DD8 /* Extractor.swift */; };
		AF64147F1F47877900196669 /* Utilities.swift in Sources */ = {isa = PBXBuildFile; fileRef = AFCA1CB61F47836800212EFF /* Utilities.swift */; };
		AFB9EE8A1FB0CD5300AD9601 /* SentimentAnalysis.swift in Sources */ = {isa = PBXBuildFile; fileRef = AFB9EE891FB0CD5300AD9601 /* SentimentAnalysis.swift */; };
		AFB9EE8D1FB0CD7400AD9601 /* SentimentPolarity.mlmodel in Sources */ = {isa = PBXBuildFile; fileRef = AFB9EE8C1FB0CD7400AD9601 /* SentimentPolarity.mlmodel */; };
		AFC142951F4781E200515A8C /* Transform.framework in Frameworks */ = {isa = PBXBuildFile; fileRef = AFC1428B1F4781E200515A8C /* Transform.framework */; };
		AFC1429A1F4781E200515A8C /* Tests.swift in Sources */ = {isa = PBXBuildFile; fileRef = AFC142991F4781E200515A8C /* Tests.swift */; };
		AFC1429C1F4781E200515A8C /* Transform.h in Headers */ = {isa = PBXBuildFile; fileRef = AFC1428E1F4781E200515A8C /* Transform.h */; settings = {ATTRIBUTES = (Public, ); }; };
		AFCA1CB31F47829300212EFF /* Lemmatizer.swift in Sources */ = {isa = PBXBuildFile; fileRef = AFCA1CB21F47829300212EFF /* Lemmatizer.swift */; };
/* End PBXBuildFile section */

/* Begin PBXContainerItemProxy section */
		AFC142961F4781E200515A8C /* PBXContainerItemProxy */ = {
			isa = PBXContainerItemProxy;
			containerPortal = AFC142821F4781E200515A8C /* Project object */;
			proxyType = 1;
			remoteGlobalIDString = AFC1428A1F4781E200515A8C;
			remoteInfo = Transform;
		};
/* End PBXContainerItemProxy section */

/* Begin PBXFileReference section */
		AF5C87B71F478E1300913DD8 /* Tagger.swift */ = {isa = PBXFileReference; lastKnownFileType = sourcecode.swift; path = Tagger.swift; sourceTree = "<group>"; };
		AF5C87B91F47901E00913DD8 /* Remover.swift */ = {isa = PBXFileReference; lastKnownFileType = sourcecode.swift; path = Remover.swift; sourceTree = "<group>"; };
		AF5C87BB1F4797DB00913DD8 /* Extractor.swift */ = {isa = PBXFileReference; lastKnownFileType = sourcecode.swift; path = Extractor.swift; sourceTree = "<group>"; };
		AFB9EE891FB0CD5300AD9601 /* SentimentAnalysis.swift */ = {isa = PBXFileReference; lastKnownFileType = sourcecode.swift; path = SentimentAnalysis.swift; sourceTree = "<group>"; };
		AFB9EE8C1FB0CD7400AD9601 /* SentimentPolarity.mlmodel */ = {isa = PBXFileReference; lastKnownFileType = file.mlmodel; path = SentimentPolarity.mlmodel; sourceTree = "<group>"; };
		AFC1428B1F4781E200515A8C /* Transform.framework */ = {isa = PBXFileReference; explicitFileType = wrapper.framework; includeInIndex = 0; path = Transform.framework; sourceTree = BUILT_PRODUCTS_DIR; };
		AFC1428E1F4781E200515A8C /* Transform.h */ = {isa = PBXFileReference; lastKnownFileType = sourcecode.c.h; path = Transform.h; sourceTree = "<group>"; };
		AFC1428F1F4781E200515A8C /* Info.plist */ = {isa = PBXFileReference; lastKnownFileType = text.plist.xml; path = Info.plist; sourceTree = "<group>"; };
		AFC142941F4781E200515A8C /* TransformTests.xctest */ = {isa = PBXFileReference; explicitFileType = wrapper.cfbundle; includeInIndex = 0; path = TransformTests.xctest; sourceTree = BUILT_PRODUCTS_DIR; };
		AFC142991F4781E200515A8C /* Tests.swift */ = {isa = PBXFileReference; lastKnownFileType = sourcecode.swift; path = Tests.swift; sourceTree = "<group>"; };
		AFC1429B1F4781E200515A8C /* Info.plist */ = {isa = PBXFileReference; lastKnownFileType = text.plist.xml; path = Info.plist; sourceTree = "<group>"; };
		AFCA1CB21F47829300212EFF /* Lemmatizer.swift */ = {isa = PBXFileReference; lastKnownFileType = sourcecode.swift; path = Lemmatizer.swift; sourceTree = "<group>"; };
		AFCA1CB61F47836800212EFF /* Utilities.swift */ = {isa = PBXFileReference; lastKnownFileType = sourcecode.swift; path = Utilities.swift; sourceTree = "<group>"; };
/* End PBXFileReference section */

/* Begin PBXFrameworksBuildPhase section */
		AFC142871F4781E200515A8C /* Frameworks */ = {
			isa = PBXFrameworksBuildPhase;
			buildActionMask = 2147483647;
			files = (
			);
			runOnlyForDeploymentPostprocessing = 0;
		};
		AFC142911F4781E200515A8C /* Frameworks */ = {
			isa = PBXFrameworksBuildPhase;
			buildActionMask = 2147483647;
			files = (
				AFC142951F4781E200515A8C /* Transform.framework in Frameworks */,
			);
			runOnlyForDeploymentPostprocessing = 0;
		};
/* End PBXFrameworksBuildPhase section */

/* Begin PBXGroup section */
		AFB9EE8B1FB0CD6500AD9601 /* Resources */ = {
			isa = PBXGroup;
			children = (
				AFB9EE8C1FB0CD7400AD9601 /* SentimentPolarity.mlmodel */,
			);
			path = Resources;
			sourceTree = "<group>";
		};
		AFC142811F4781E200515A8C = {
			isa = PBXGroup;
			children = (
				AFCA1CB11F47827800212EFF /* Sources */,
				AFB9EE8B1FB0CD6500AD9601 /* Resources */,
				AFC1428D1F4781E200515A8C /* Transform */,
				AFC142981F4781E200515A8C /* TransformTests */,
				AFC1428C1F4781E200515A8C /* Products */,
			);
			sourceTree = "<group>";
		};
		AFC1428C1F4781E200515A8C /* Products */ = {
			isa = PBXGroup;
			children = (
				AFC1428B1F4781E200515A8C /* Transform.framework */,
				AFC142941F4781E200515A8C /* TransformTests.xctest */,
			);
			name = Products;
			sourceTree = "<group>";
		};
		AFC1428D1F4781E200515A8C /* Transform */ = {
			isa = PBXGroup;
			children = (
				AFC1428E1F4781E200515A8C /* Transform.h */,
				AFC1428F1F4781E200515A8C /* Info.plist */,
			);
			path = Transform;
			sourceTree = "<group>";
		};
		AFC142981F4781E200515A8C /* TransformTests */ = {
			isa = PBXGroup;
			children = (
				AFC142991F4781E200515A8C /* Tests.swift */,
				AFC1429B1F4781E200515A8C /* Info.plist */,
			);
			path = TransformTests;
			sourceTree = "<group>";
		};
		AFCA1CB11F47827800212EFF /* Sources */ = {
			isa = PBXGroup;
			children = (
				AF5C87BB1F4797DB00913DD8 /* Extractor.swift */,
				AFCA1CB21F47829300212EFF /* Lemmatizer.swift */,
				AF5C87B91F47901E00913DD8 /* Remover.swift */,
				AFB9EE891FB0CD5300AD9601 /* SentimentAnalysis.swift */,
				AF5C87B71F478E1300913DD8 /* Tagger.swift */,
				AFCA1CB61F47836800212EFF /* Utilities.swift */,
			);
			name = Sources;
			path = src;
			sourceTree = "<group>";
		};
/* End PBXGroup section */

/* Begin PBXHeadersBuildPhase section */
		AFC142881F4781E200515A8C /* Headers */ = {
			isa = PBXHeadersBuildPhase;
			buildActionMask = 2147483647;
			files = (
				AFC1429C1F4781E200515A8C /* Transform.h in Headers */,
			);
			runOnlyForDeploymentPostprocessing = 0;
		};
/* End PBXHeadersBuildPhase section */

/* Begin PBXNativeTarget section */
		AFC1428A1F4781E200515A8C /* Transform */ = {
			isa = PBXNativeTarget;
			buildConfigurationList = AFC1429F1F4781E200515A8C /* Build configuration list for PBXNativeTarget "Transform" */;
			buildPhases = (
				AFC142861F4781E200515A8C /* Sources */,
				AFC142871F4781E200515A8C /* Frameworks */,
				AFC142881F4781E200515A8C /* Headers */,
				AFC142891F4781E200515A8C /* Resources */,
			);
			buildRules = (
			);
			dependencies = (
			);
			name = Transform;
			productName = Transform;
			productReference = AFC1428B1F4781E200515A8C /* Transform.framework */;
			productType = "com.apple.product-type.framework";
		};
		AFC142931F4781E200515A8C /* TransformTests */ = {
			isa = PBXNativeTarget;
			buildConfigurationList = AFC142A21F4781E200515A8C /* Build configuration list for PBXNativeTarget "TransformTests" */;
			buildPhases = (
				AFC142901F4781E200515A8C /* Sources */,
				AFC142911F4781E200515A8C /* Frameworks */,
				AFC142921F4781E200515A8C /* Resources */,
			);
			buildRules = (
			);
			dependencies = (
				AFC142971F4781E200515A8C /* PBXTargetDependency */,
			);
			name = TransformTests;
			productName = TransformTests;
			productReference = AFC142941F4781E200515A8C /* TransformTests.xctest */;
			productType = "com.apple.product-type.bundle.unit-test";
		};
/* End PBXNativeTarget section */

/* Begin PBXProject section */
		AFC142821F4781E200515A8C /* Project object */ = {
			isa = PBXProject;
			attributes = {
				LastSwiftUpdateCheck = 0900;
				LastUpgradeCheck = 0900;
				ORGANIZATIONNAME = "Pranjal Satija";
				TargetAttributes = {
					AFC1428A1F4781E200515A8C = {
						CreatedOnToolsVersion = 9.0;
						LastSwiftMigration = 0900;
					};
					AFC142931F4781E200515A8C = {
						CreatedOnToolsVersion = 9.0;
					};
				};
			};
			buildConfigurationList = AFC142851F4781E200515A8C /* Build configuration list for PBXProject "Transform" */;
			compatibilityVersion = "Xcode 8.0";
			developmentRegion = en;
			hasScannedForEncodings = 0;
			knownRegions = (
				en,
			);
			mainGroup = AFC142811F4781E200515A8C;
			productRefGroup = AFC1428C1F4781E200515A8C /* Products */;
			projectDirPath = "";
			projectRoot = "";
			targets = (
				AFC1428A1F4781E200515A8C /* Transform */,
				AFC142931F4781E200515A8C /* TransformTests */,
			);
		};
/* End PBXProject section */

/* Begin PBXResourcesBuildPhase section */
		AFC142891F4781E200515A8C /* Resources */ = {
			isa = PBXResourcesBuildPhase;
			buildActionMask = 2147483647;
			files = (
			);
			runOnlyForDeploymentPostprocessing = 0;
		};
		AFC142921F4781E200515A8C /* Resources */ = {
			isa = PBXResourcesBuildPhase;
			buildActionMask = 2147483647;
			files = (
			);
			runOnlyForDeploymentPostprocessing = 0;
		};
/* End PBXResourcesBuildPhase section */

/* Begin PBXSourcesBuildPhase section */
		AFC142861F4781E200515A8C /* Sources */ = {
			isa = PBXSourcesBuildPhase;
			buildActionMask = 2147483647;
			files = (
				AF5C87BA1F47901E00913DD8 /* Remover.swift in Sources */,
				AF5C87B81F478E1300913DD8 /* Tagger.swift in Sources */,
				AF5C87BC1F4797DB00913DD8 /* Extractor.swift in Sources */,
				AF64147F1F47877900196669 /* Utilities.swift in Sources */,
				AFCA1CB31F47829300212EFF /* Lemmatizer.swift in Sources */,
				AFB9EE8D1FB0CD7400AD9601 /* SentimentPolarity.mlmodel in Sources */,
				AFB9EE8A1FB0CD5300AD9601 /* SentimentAnalysis.swift in Sources */,
			);
			runOnlyForDeploymentPostprocessing = 0;
		};
		AFC142901F4781E200515A8C /* Sources */ = {
			isa = PBXSourcesBuildPhase;
			buildActionMask = 2147483647;
			files = (
				AFC1429A1F4781E200515A8C /* Tests.swift in Sources */,
			);
			runOnlyForDeploymentPostprocessing = 0;
		};
/* End PBXSourcesBuildPhase section */

/* Begin PBXTargetDependency section */
		AFC142971F4781E200515A8C /* PBXTargetDependency */ = {
			isa = PBXTargetDependency;
			target = AFC1428A1F4781E200515A8C /* Transform */;
			targetProxy = AFC142961F4781E200515A8C /* PBXContainerItemProxy */;
		};
/* End PBXTargetDependency section */

/* Begin XCBuildConfiguration section */
		AFC1429D1F4781E200515A8C /* Debug */ = {
			isa = XCBuildConfiguration;
			buildSettings = {
				ALWAYS_SEARCH_USER_PATHS = NO;
				CLANG_ANALYZER_NONNULL = YES;
				CLANG_ANALYZER_NUMBER_OBJECT_CONVERSION = YES_AGGRESSIVE;
				CLANG_CXX_LANGUAGE_STANDARD = "gnu++14";
				CLANG_CXX_LIBRARY = "libc++";
				CLANG_ENABLE_MODULES = YES;
				CLANG_ENABLE_OBJC_ARC = YES;
				CLANG_WARN_BLOCK_CAPTURE_AUTORELEASING = YES;
				CLANG_WARN_BOOL_CONVERSION = YES;
				CLANG_WARN_COMMA = YES;
				CLANG_WARN_CONSTANT_CONVERSION = YES;
				CLANG_WARN_DIRECT_OBJC_ISA_USAGE = YES_ERROR;
				CLANG_WARN_DOCUMENTATION_COMMENTS = YES;
				CLANG_WARN_EMPTY_BODY = YES;
				CLANG_WARN_ENUM_CONVERSION = YES;
				CLANG_WARN_INFINITE_RECURSION = YES;
				CLANG_WARN_INT_CONVERSION = YES;
				CLANG_WARN_NON_LITERAL_NULL_CONVERSION = YES;
				CLANG_WARN_OBJC_LITERAL_CONVERSION = YES;
				CLANG_WARN_OBJC_ROOT_CLASS = YES_ERROR;
				CLANG_WARN_RANGE_LOOP_ANALYSIS = YES;
				CLANG_WARN_STRICT_PROTOTYPES = YES;
				CLANG_WARN_SUSPICIOUS_MOVE = YES;
				CLANG_WARN_UNGUARDED_AVAILABILITY = YES_AGGRESSIVE;
				CLANG_WARN_UNREACHABLE_CODE = YES;
				CLANG_WARN__DUPLICATE_METHOD_MATCH = YES;
				CODE_SIGN_IDENTITY = "iPhone Developer";
				COPY_PHASE_STRIP = NO;
				CURRENT_PROJECT_VERSION = 1;
				DEBUG_INFORMATION_FORMAT = dwarf;
				ENABLE_STRICT_OBJC_MSGSEND = YES;
				ENABLE_TESTABILITY = YES;
				GCC_C_LANGUAGE_STANDARD = gnu11;
				GCC_DYNAMIC_NO_PIC = NO;
				GCC_NO_COMMON_BLOCKS = YES;
				GCC_OPTIMIZATION_LEVEL = 0;
				GCC_PREPROCESSOR_DEFINITIONS = (
					"DEBUG=1",
					"$(inherited)",
				);
				GCC_WARN_64_TO_32_BIT_CONVERSION = YES;
				GCC_WARN_ABOUT_RETURN_TYPE = YES_ERROR;
				GCC_WARN_UNDECLARED_SELECTOR = YES;
				GCC_WARN_UNINITIALIZED_AUTOS = YES_AGGRESSIVE;
				GCC_WARN_UNUSED_FUNCTION = YES;
				GCC_WARN_UNUSED_VARIABLE = YES;
				IPHONEOS_DEPLOYMENT_TARGET = 11.0;
				MTL_ENABLE_DEBUG_INFO = YES;
				ONLY_ACTIVE_ARCH = YES;
				SDKROOT = iphoneos;
				SWIFT_ACTIVE_COMPILATION_CONDITIONS = DEBUG;
				SWIFT_OPTIMIZATION_LEVEL = "-Onone";
				VERSIONING_SYSTEM = "apple-generic";
				VERSION_INFO_PREFIX = "";
			};
			name = Debug;
		};
		AFC1429E1F4781E200515A8C /* Release */ = {
			isa = XCBuildConfiguration;
			buildSettings = {
				ALWAYS_SEARCH_USER_PATHS = NO;
				CLANG_ANALYZER_NONNULL = YES;
				CLANG_ANALYZER_NUMBER_OBJECT_CONVERSION = YES_AGGRESSIVE;
				CLANG_CXX_LANGUAGE_STANDARD = "gnu++14";
				CLANG_CXX_LIBRARY = "libc++";
				CLANG_ENABLE_MODULES = YES;
				CLANG_ENABLE_OBJC_ARC = YES;
				CLANG_WARN_BLOCK_CAPTURE_AUTORELEASING = YES;
				CLANG_WARN_BOOL_CONVERSION = YES;
				CLANG_WARN_COMMA = YES;
				CLANG_WARN_CONSTANT_CONVERSION = YES;
				CLANG_WARN_DIRECT_OBJC_ISA_USAGE = YES_ERROR;
				CLANG_WARN_DOCUMENTATION_COMMENTS = YES;
				CLANG_WARN_EMPTY_BODY = YES;
				CLANG_WARN_ENUM_CONVERSION = YES;
				CLANG_WARN_INFINITE_RECURSION = YES;
				CLANG_WARN_INT_CONVERSION = YES;
				CLANG_WARN_NON_LITERAL_NULL_CONVERSION = YES;
				CLANG_WARN_OBJC_LITERAL_CONVERSION = YES;
				CLANG_WARN_OBJC_ROOT_CLASS = YES_ERROR;
				CLANG_WARN_RANGE_LOOP_ANALYSIS = YES;
				CLANG_WARN_STRICT_PROTOTYPES = YES;
				CLANG_WARN_SUSPICIOUS_MOVE = YES;
				CLANG_WARN_UNGUARDED_AVAILABILITY = YES_AGGRESSIVE;
				CLANG_WARN_UNREACHABLE_CODE = YES;
				CLANG_WARN__DUPLICATE_METHOD_MATCH = YES;
				CODE_SIGN_IDENTITY = "iPhone Developer";
				COPY_PHASE_STRIP = NO;
				CURRENT_PROJECT_VERSION = 1;
				DEBUG_INFORMATION_FORMAT = "dwarf-with-dsym";
				ENABLE_NS_ASSERTIONS = NO;
				ENABLE_STRICT_OBJC_MSGSEND = YES;
				GCC_C_LANGUAGE_STANDARD = gnu11;
				GCC_NO_COMMON_BLOCKS = YES;
				GCC_WARN_64_TO_32_BIT_CONVERSION = YES;
				GCC_WARN_ABOUT_RETURN_TYPE = YES_ERROR;
				GCC_WARN_UNDECLARED_SELECTOR = YES;
				GCC_WARN_UNINITIALIZED_AUTOS = YES_AGGRESSIVE;
				GCC_WARN_UNUSED_FUNCTION = YES;
				GCC_WARN_UNUSED_VARIABLE = YES;
				IPHONEOS_DEPLOYMENT_TARGET = 11.0;
				MTL_ENABLE_DEBUG_INFO = NO;
				SDKROOT = iphoneos;
				SWIFT_OPTIMIZATION_LEVEL = "-Owholemodule";
				VALIDATE_PRODUCT = YES;
				VERSIONING_SYSTEM = "apple-generic";
				VERSION_INFO_PREFIX = "";
			};
			name = Release;
		};
		AFC142A01F4781E200515A8C /* Debug */ = {
			isa = XCBuildConfiguration;
			buildSettings = {
				CLANG_ENABLE_MODULES = YES;
				CODE_SIGN_IDENTITY = "";
				DEFINES_MODULE = YES;
				DEVELOPMENT_TEAM = MXGFXQ4GNJ;
				DYLIB_COMPATIBILITY_VERSION = 1;
				DYLIB_CURRENT_VERSION = 1;
				DYLIB_INSTALL_NAME_BASE = "@rpath";
				INFOPLIST_FILE = Transform/Info.plist;
				INSTALL_PATH = "$(LOCAL_LIBRARY_DIR)/Frameworks";
				LD_RUNPATH_SEARCH_PATHS = "$(inherited) @executable_path/Frameworks @loader_path/Frameworks";
				PRODUCT_BUNDLE_IDENTIFIER = com.pranjalsatija.Transform;
				PRODUCT_NAME = "$(TARGET_NAME:c99extidentifier)";
				SKIP_INSTALL = YES;
				SWIFT_OPTIMIZATION_LEVEL = "-Onone";
				SWIFT_VERSION = 4.0;
				TARGETED_DEVICE_FAMILY = "1,2";
			};
			name = Debug;
		};
		AFC142A11F4781E200515A8C /* Release */ = {
			isa = XCBuildConfiguration;
			buildSettings = {
				CLANG_ENABLE_MODULES = YES;
				CODE_SIGN_IDENTITY = "";
				DEFINES_MODULE = YES;
				DEVELOPMENT_TEAM = MXGFXQ4GNJ;
				DYLIB_COMPATIBILITY_VERSION = 1;
				DYLIB_CURRENT_VERSION = 1;
				DYLIB_INSTALL_NAME_BASE = "@rpath";
				INFOPLIST_FILE = Transform/Info.plist;
				INSTALL_PATH = "$(LOCAL_LIBRARY_DIR)/Frameworks";
				LD_RUNPATH_SEARCH_PATHS = "$(inherited) @executable_path/Frameworks @loader_path/Frameworks";
				PRODUCT_BUNDLE_IDENTIFIER = com.pranjalsatija.Transform;
				PRODUCT_NAME = "$(TARGET_NAME:c99extidentifier)";
				SKIP_INSTALL = YES;
				SWIFT_VERSION = 4.0;
				TARGETED_DEVICE_FAMILY = "1,2";
			};
			name = Release;
		};
		AFC142A31F4781E200515A8C /* Debug */ = {
			isa = XCBuildConfiguration;
			buildSettings = {
				ALWAYS_EMBED_SWIFT_STANDARD_LIBRARIES = YES;
				DEVELOPMENT_TEAM = MXGFXQ4GNJ;
				INFOPLIST_FILE = TransformTests/Info.plist;
				LD_RUNPATH_SEARCH_PATHS = "$(inherited) @executable_path/Frameworks @loader_path/Frameworks";
				PRODUCT_BUNDLE_IDENTIFIER = com.pranjalsatija.TransformTests;
				PRODUCT_NAME = "$(TARGET_NAME)";
				SWIFT_VERSION = 4.0;
				TARGETED_DEVICE_FAMILY = "1,2";
			};
			name = Debug;
		};
		AFC142A41F4781E200515A8C /* Release */ = {
			isa = XCBuildConfiguration;
			buildSettings = {
				ALWAYS_EMBED_SWIFT_STANDARD_LIBRARIES = YES;
				DEVELOPMENT_TEAM = MXGFXQ4GNJ;
				INFOPLIST_FILE = TransformTests/Info.plist;
				LD_RUNPATH_SEARCH_PATHS = "$(inherited) @executable_path/Frameworks @loader_path/Frameworks";
				PRODUCT_BUNDLE_IDENTIFIER = com.pranjalsatija.TransformTests;
				PRODUCT_NAME = "$(TARGET_NAME)";
				SWIFT_VERSION = 4.0;
				TARGETED_DEVICE_FAMILY = "1,2";
			};
			name = Release;
		};
/* End XCBuildConfiguration section */

/* Begin XCConfigurationList section */
		AFC142851F4781E200515A8C /* Build configuration list for PBXProject "Transform" */ = {
			isa = XCConfigurationList;
			buildConfigurations = (
				AFC1429D1F4781E200515A8C /* Debug */,
				AFC1429E1F4781E200515A8C /* Release */,
			);
			defaultConfigurationIsVisible = 0;
			defaultConfigurationName = Release;
		};
		AFC1429F1F4781E200515A8C /* Build configuration list for PBXNativeTarget "Transform" */ = {
			isa = XCConfigurationList;
			buildConfigurations = (
				AFC142A01F4781E200515A8C /* Debug */,
				AFC142A11F4781E200515A8C /* Release */,
			);
			defaultConfigurationIsVisible = 0;
			defaultConfigurationName = Release;
		};
		AFC142A21F4781E200515A8C /* Build configuration list for PBXNativeTarget "TransformTests" */ = {
			isa = XCConfigurationList;
			buildConfigurations = (
				AFC142A31F4781E200515A8C /* Debug */,
				AFC142A41F4781E200515A8C /* Release */,
			);
			defaultConfigurationIsVisible = 0;
			defaultConfigurationName = Release;
		};
/* End XCConfigurationList section */
	};
	rootObject = AFC142821F4781E200515A8C /* Project object */;
}
